github.com/RulezKT/cd_consts_go v0.0.0-20240421172641-3608aa8a77f5 h1:e3CvSDGyu5V5nr7uhQNev0iOkHQVscV/TlCsVomM7NY=
github.com/RulezKT/cd_consts_go v0.0.0-20240421172641-3608aa8a77f5/go.mod h1:6XEuTXpg2fy/XsSlLSb7feokc5cG6HFkO6pcXuD/cUk=
github.com/RulezKT/cd_consts_go v0.0.0-20240421174008-754288f97530 h1:9bV/vCIlwiHwKdd2V6Id/88v+WIWGifIg3dFORPw4sA=
github.com/RulezKT/cd_consts_go v0.0.0-20240421174008-754288f97530/go.mod h1:+GICl0NBWjz+llF5OOsBeeI/MjFt2gGogBp+fQJ5idI=
