github.com/RulezKT/cd_consts_go v0.0.0-20240421201529-ee3c2fb5a3c8 h1:sXBsfZlGTlcYZ4t2Hj1H3LgR7dScmo1JV1n0l1Pp3Fg=
github.com/RulezKT/cd_consts_go v0.0.0-20240421201529-ee3c2fb5a3c8/go.mod h1:+GICl0NBWjz+llF5OOsBeeI/MjFt2gGogBp+fQJ5idI=
github.com/RulezKT/cd_consts_go v0.0.0-20240421213428-2f0fd98760da h1:esjrENAIa/7IeJMesBT4GgQ3krO9O/F8qB2JARHGYWE=
github.com/RulezKT/cd_consts_go v0.0.0-20240421213428-2f0fd98760da/go.mod h1:+GICl0NBWjz+llF5OOsBeeI/MjFt2gGogBp+fQJ5idI=
